
Microsoft Visual Studio Solution File, Format Version 12.00
# Visual Studio 14
VisualStudioVersion = 14.0.23107.0
MinimumVisualStudioVersion = 10.0.40219.1
Project("{FAE04EC0-301F-11D3-BF4B-00C04F79EFBC}") = "Task1", "Task1\Task1.csproj", "{E54BA80C-C980-4DAC-AB48-0AA8B7D6ADAD}"
EndProject
Project("{FAE04EC0-301F-11D3-BF4B-00C04F79EFBC}") = "Task1.Nunit.Tests", "Task1.Nunit.Tests\Task1.Nunit.Tests.csproj", "{7A690F90-7EEC-4FA8-980D-301DAD105E3E}"
EndProject
Global
	GlobalSection(SolutionConfigurationPlatforms) = preSolution
		Debug|Any CPU = Debug|Any CPU
		Release|Any CPU = Release|Any CPU
	EndGlobalSection
	GlobalSection(ProjectConfigurationPlatforms) = postSolution
		{E54BA80C-C980-4DAC-AB48-0AA8B7D6ADAD}.Debug|Any CPU.ActiveCfg = Debug|Any CPU
		{E54BA80C-C980-4DAC-AB48-0AA8B7D6ADAD}.Debug|Any CPU.Build.0 = Debug|Any CPU
		{E54BA80C-C980-4DAC-AB48-0AA8B7D6ADAD}.Release|Any CPU.ActiveCfg = Release|Any CPU
		{E54BA80C-C980-4DAC-AB48-0AA8B7D6ADAD}.Release|Any CPU.Build.0 = Release|Any CPU
		{7A690F90-7EEC-4FA8-980D-301DAD105E3E}.Debug|Any CPU.ActiveCfg = Debug|Any CPU
		{7A690F90-7EEC-4FA8-980D-301DAD105E3E}.Debug|Any CPU.Build.0 = Debug|Any CPU
		{7A690F90-7EEC-4FA8-980D-301DAD105E3E}.Release|Any CPU.ActiveCfg = Release|Any CPU
		{7A690F90-7EEC-4FA8-980D-301DAD105E3E}.Release|Any CPU.Build.0 = Release|Any CPU
	EndGlobalSection
	GlobalSection(SolutionProperties) = preSolution
		HideSolutionNode = FALSE
	EndGlobalSection
EndGlobal
